
Microsoft Visual Studio Solution File, Format Version 12.00
# Visual Studio Version 17
VisualStudioVersion = 17.14.36109.1 d17.14
MinimumVisualStudioVersion = 10.0.40219.1
Project("{FAE04EC0-301F-11D3-BF4B-00C04F79EFBC}") = "SuperAdventure", "SuperAdventure.csproj", "{9F5E2774-0D51-4E68-9D94-50CAE7AC81A2}"
EndProject
Project("{FAE04EC0-301F-11D3-BF4B-00C04F79EFBC}") = "Engine", "Engine\Engine.csproj", "{53457145-C030-4296-8059-D3E30339423E}"
EndProject
Global
	GlobalSection(SolutionConfigurationPlatforms) = preSolution
		Debug|Any CPU = Debug|Any CPU
		Release|Any CPU = Release|Any CPU
	EndGlobalSection
	GlobalSection(ProjectConfigurationPlatforms) = postSolution
		{9F5E2774-0D51-4E68-9D94-50CAE7AC81A2}.Debug|Any CPU.ActiveCfg = Debug|Any CPU
		{9F5E2774-0D51-4E68-9D94-50CAE7AC81A2}.Debug|Any CPU.Build.0 = Debug|Any CPU
		{9F5E2774-0D51-4E68-9D94-50CAE7AC81A2}.Release|Any CPU.ActiveCfg = Release|Any CPU
		{9F5E2774-0D51-4E68-9D94-50CAE7AC81A2}.Release|Any CPU.Build.0 = Release|Any CPU
		{53457145-C030-4296-8059-D3E30339423E}.Debug|Any CPU.ActiveCfg = Debug|Any CPU
		{53457145-C030-4296-8059-D3E30339423E}.Debug|Any CPU.Build.0 = Debug|Any CPU
		{53457145-C030-4296-8059-D3E30339423E}.Release|Any CPU.ActiveCfg = Release|Any CPU
		{53457145-C030-4296-8059-D3E30339423E}.Release|Any CPU.Build.0 = Release|Any CPU
	EndGlobalSection
	GlobalSection(SolutionProperties) = preSolution
		HideSolutionNode = FALSE
	EndGlobalSection
	GlobalSection(ExtensibilityGlobals) = postSolution
		SolutionGuid = {0D885556-814F-42C4-8C3B-5A6B178541BC}
	EndGlobalSection
EndGlobal
